
Microsoft Visual Studio Solution File, Format Version 12.00
# Visual Studio Version 17
VisualStudioVersion = 17.5.33530.505
MinimumVisualStudioVersion = 10.0.40219.1
Project("{FAE04EC0-301F-11D3-BF4B-00C04F79EFBC}") = "The Clinic", "The Clinic\The Clinic.csproj", "{9F01113A-6D06-4AC2-AD64-6A26F04875A4}"
EndProject
Project("{FAE04EC0-301F-11D3-BF4B-00C04F79EFBC}") = "ClinicDataAccessLayer", "The Clinic\clsDataAccessLayer\ClinicDataAccessLayer.csproj", "{DE161A2C-73D0-4F8B-A1D3-7F1AE7CDC297}"
EndProject
Project("{FAE04EC0-301F-11D3-BF4B-00C04F79EFBC}") = "ClinicBusinessLayer", "The Clinic\clsPatient\ClinicBusinessLayer.csproj", "{0816B67C-2C9E-4939-B122-69BCF4A4D1A5}"
EndProject
Global
	GlobalSection(SolutionConfigurationPlatforms) = preSolution
		Debug|Any CPU = Debug|Any CPU
		Release|Any CPU = Release|Any CPU
	EndGlobalSection
	GlobalSection(ProjectConfigurationPlatforms) = postSolution
		{9F01113A-6D06-4AC2-AD64-6A26F04875A4}.Debug|Any CPU.ActiveCfg = Debug|Any CPU
		{9F01113A-6D06-4AC2-AD64-6A26F04875A4}.Debug|Any CPU.Build.0 = Debug|Any CPU
		{9F01113A-6D06-4AC2-AD64-6A26F04875A4}.Release|Any CPU.ActiveCfg = Release|Any CPU
		{9F01113A-6D06-4AC2-AD64-6A26F04875A4}.Release|Any CPU.Build.0 = Release|Any CPU
		{DE161A2C-73D0-4F8B-A1D3-7F1AE7CDC297}.Debug|Any CPU.ActiveCfg = Debug|Any CPU
		{DE161A2C-73D0-4F8B-A1D3-7F1AE7CDC297}.Debug|Any CPU.Build.0 = Debug|Any CPU
		{DE161A2C-73D0-4F8B-A1D3-7F1AE7CDC297}.Release|Any CPU.ActiveCfg = Release|Any CPU
		{DE161A2C-73D0-4F8B-A1D3-7F1AE7CDC297}.Release|Any CPU.Build.0 = Release|Any CPU
		{0816B67C-2C9E-4939-B122-69BCF4A4D1A5}.Debug|Any CPU.ActiveCfg = Debug|Any CPU
		{0816B67C-2C9E-4939-B122-69BCF4A4D1A5}.Debug|Any CPU.Build.0 = Debug|Any CPU
		{0816B67C-2C9E-4939-B122-69BCF4A4D1A5}.Release|Any CPU.ActiveCfg = Release|Any CPU
		{0816B67C-2C9E-4939-B122-69BCF4A4D1A5}.Release|Any CPU.Build.0 = Release|Any CPU
	EndGlobalSection
	GlobalSection(SolutionProperties) = preSolution
		HideSolutionNode = FALSE
	EndGlobalSection
	GlobalSection(ExtensibilityGlobals) = postSolution
		SolutionGuid = {3EDD0909-81D2-420A-B44D-B17243ADE4F9}
	EndGlobalSection
EndGlobal
